{
    "packages": {
        "nalgeon/sqlean": {
            "owner": "nalgeon",
            "name": "sqlean",
            "version": "0.21.9",
            "specfile": "https://github.com/nalgeon/sqlean/raw/main/sqlpkg.json",
            "assets": {
                "path": "https://github.com/nalgeon/sqlean/releases/download/0.21.9",
                "files": {
                    "darwin-amd64": "sqlean-macos-x86.zip",
                    "darwin-arm64": "sqlean-macos-arm64.zip",
                    "linux-amd64": "sqlean-linux-x86.zip",
                    "windows-amd64": "sqlean-win-x64.zip"
                }
            }
        }
    }
}